// !$*UTF8*$!
{
	archiveVersion = 1;
	classes = {
	};
	objectVersion = 56;
	objects = {

/* Begin PBXBuildFile section */
		63D7BA8D2C16343A007512FB /* recipesApp.swift in Sources */ = {isa = PBXBuildFile; fileRef = 63D7BA8C2C16343A007512FB /* recipesApp.swift */; };
		63D7BA8F2C16343A007512FB /* ContentView.swift in Sources */ = {isa = PBXBuildFile; fileRef = 63D7BA8E2C16343A007512FB /* ContentView.swift */; };
		63D7BA912C16343B007512FB /* Assets.xcassets in Resources */ = {isa = PBXBuildFile; fileRef = 63D7BA902C16343B007512FB /* Assets.xcassets */; };
		63D7BA942C16343B007512FB /* Preview Assets.xcassets in Resources */ = {isa = PBXBuildFile; fileRef = 63D7BA932C16343B007512FB /* Preview Assets.xcassets */; };
		63D7BA962C16343B007512FB /* Persistence.swift in Sources */ = {isa = PBXBuildFile; fileRef = 63D7BA952C16343B007512FB /* Persistence.swift */; };
		63D7BA992C16343B007512FB /* recipes.xcdatamodeld in Sources */ = {isa = PBXBuildFile; fileRef = 63D7BA972C16343B007512FB /* recipes.xcdatamodeld */; };
		63D7BAA32C16343B007512FB /* recipesTests.swift in Sources */ = {isa = PBXBuildFile; fileRef = 63D7BAA22C16343B007512FB /* recipesTests.swift */; };
		63D7BAAD2C16343B007512FB /* recipesUITests.swift in Sources */ = {isa = PBXBuildFile; fileRef = 63D7BAAC2C16343B007512FB /* recipesUITests.swift */; };
		63D7BAAF2C16343B007512FB /* recipesUITestsLaunchTests.swift in Sources */ = {isa = PBXBuildFile; fileRef = 63D7BAAE2C16343B007512FB /* recipesUITestsLaunchTests.swift */; };
/* End PBXBuildFile section */

/* Begin PBXContainerItemProxy section */
		63D7BA9F2C16343B007512FB /* PBXContainerItemProxy */ = {
			isa = PBXContainerItemProxy;
			containerPortal = 63D7BA812C16343A007512FB /* Project object */;
			proxyType = 1;
			remoteGlobalIDString = 63D7BA882C16343A007512FB;
			remoteInfo = recipes;
		};
		63D7BAA92C16343B007512FB /* PBXContainerItemProxy */ = {
			isa = PBXContainerItemProxy;
			containerPortal = 63D7BA812C16343A007512FB /* Project object */;
			proxyType = 1;
			remoteGlobalIDString = 63D7BA882C16343A007512FB;
			remoteInfo = recipes;
		};
/* End PBXContainerItemProxy section */

/* Begin PBXFileReference section */
		63D7BA892C16343A007512FB /* recipes.app */ = {isa = PBXFileReference; explicitFileType = wrapper.application; includeInIndex = 0; path = recipes.app; sourceTree = BUILT_PRODUCTS_DIR; };
		63D7BA8C2C16343A007512FB /* recipesApp.swift */ = {isa = PBXFileReference; lastKnownFileType = sourcecode.swift; path = recipesApp.swift; sourceTree = "<group>"; };
		63D7BA8E2C16343A007512FB /* ContentView.swift */ = {isa = PBXFileReference; lastKnownFileType = sourcecode.swift; path = ContentView.swift; sourceTree = "<group>"; };
		63D7BA902C16343B007512FB /* Assets.xcassets */ = {isa = PBXFileReference; lastKnownFileType = folder.assetcatalog; path = Assets.xcassets; sourceTree = "<group>"; };
		63D7BA932C16343B007512FB /* Preview Assets.xcassets */ = {isa = PBXFileReference; lastKnownFileType = folder.assetcatalog; path = "Preview Assets.xcassets"; sourceTree = "<group>"; };
		63D7BA952C16343B007512FB /* Persistence.swift */ = {isa = PBXFileReference; lastKnownFileType = sourcecode.swift; path = Persistence.swift; sourceTree = "<group>"; };
		63D7BA982C16343B007512FB /* recipes.xcdatamodel */ = {isa = PBXFileReference; lastKnownFileType = wrapper.xcdatamodel; path = recipes.xcdatamodel; sourceTree = "<group>"; };
		63D7BA9E2C16343B007512FB /* recipesTests.xctest */ = {isa = PBXFileReference; explicitFileType = wrapper.cfbundle; includeInIndex = 0; path = recipesTests.xctest; sourceTree = BUILT_PRODUCTS_DIR; };
		63D7BAA22C16343B007512FB /* recipesTests.swift */ = {isa = PBXFileReference; lastKnownFileType = sourcecode.swift; path = recipesTests.swift; sourceTree = "<group>"; };
		63D7BAA82C16343B007512FB /* recipesUITests.xctest */ = {isa = PBXFileReference; explicitFileType = wrapper.cfbundle; includeInIndex = 0; path = recipesUITests.xctest; sourceTree = BUILT_PRODUCTS_DIR; };
		63D7BAAC2C16343B007512FB /* recipesUITests.swift */ = {isa = PBXFileReference; lastKnownFileType = sourcecode.swift; path = recipesUITests.swift; sourceTree = "<group>"; };
		63D7BAAE2C16343B007512FB /* recipesUITestsLaunchTests.swift */ = {isa = PBXFileReference; lastKnownFileType = sourcecode.swift; path = recipesUITestsLaunchTests.swift; sourceTree = "<group>"; };
/* End PBXFileReference section */

/* Begin PBXFrameworksBuildPhase section */
		63D7BA862C16343A007512FB /* Frameworks */ = {
			isa = PBXFrameworksBuildPhase;
			buildActionMask = 2147483647;
			files = (
			);
			runOnlyForDeploymentPostprocessing = 0;
		};
		63D7BA9B2C16343B007512FB /* Frameworks */ = {
			isa = PBXFrameworksBuildPhase;
			buildActionMask = 2147483647;
			files = (
			);
			runOnlyForDeploymentPostprocessing = 0;
		};
		63D7BAA52C16343B007512FB /* Frameworks */ = {
			isa = PBXFrameworksBuildPhase;
			buildActionMask = 2147483647;
			files = (
			);
			runOnlyForDeploymentPostprocessing = 0;
		};
/* End PBXFrameworksBuildPhase section */

/* Begin PBXGroup section */
		63D7BA802C16343A007512FB = {
			isa = PBXGroup;
			children = (
				63D7BA8B2C16343A007512FB /* recipes */,
				63D7BAA12C16343B007512FB /* recipesTests */,
				63D7BAAB2C16343B007512FB /* recipesUITests */,
				63D7BA8A2C16343A007512FB /* Products */,
			);
			sourceTree = "<group>";
		};
		63D7BA8A2C16343A007512FB /* Products */ = {
			isa = PBXGroup;
			children = (
				63D7BA892C16343A007512FB /* recipes.app */,
				63D7BA9E2C16343B007512FB /* recipesTests.xctest */,
				63D7BAA82C16343B007512FB /* recipesUITests.xctest */,
			);
			name = Products;
			sourceTree = "<group>";
		};
		63D7BA8B2C16343A007512FB /* recipes */ = {
			isa = PBXGroup;
			children = (
				63D7BA8C2C16343A007512FB /* recipesApp.swift */,
				63D7BA8E2C16343A007512FB /* ContentView.swift */,
				63D7BA902C16343B007512FB /* Assets.xcassets */,
				63D7BA952C16343B007512FB /* Persistence.swift */,
				63D7BA972C16343B007512FB /* recipes.xcdatamodeld */,
				63D7BA922C16343B007512FB /* Preview Content */,
			);
			path = recipes;
			sourceTree = "<group>";
		};
		63D7BA922C16343B007512FB /* Preview Content */ = {
			isa = PBXGroup;
			children = (
				63D7BA932C16343B007512FB /* Preview Assets.xcassets */,
			);
			path = "Preview Content";
			sourceTree = "<group>";
		};
		63D7BAA12C16343B007512FB /* recipesTests */ = {
			isa = PBXGroup;
			children = (
				63D7BAA22C16343B007512FB /* recipesTests.swift */,
			);
			path = recipesTests;
			sourceTree = "<group>";
		};
		63D7BAAB2C16343B007512FB /* recipesUITests */ = {
			isa = PBXGroup;
			children = (
				63D7BAAC2C16343B007512FB /* recipesUITests.swift */,
				63D7BAAE2C16343B007512FB /* recipesUITestsLaunchTests.swift */,
			);
			path = recipesUITests;
			sourceTree = "<group>";
		};
/* End PBXGroup section */

/* Begin PBXNativeTarget section */
		63D7BA882C16343A007512FB /* recipes */ = {
			isa = PBXNativeTarget;
			buildConfigurationList = 63D7BAB22C16343B007512FB /* Build configuration list for PBXNativeTarget "recipes" */;
			buildPhases = (
				63D7BA852C16343A007512FB /* Sources */,
				63D7BA862C16343A007512FB /* Frameworks */,
				63D7BA872C16343A007512FB /* Resources */,
			);
			buildRules = (
			);
			dependencies = (
			);
			name = recipes;
			productName = recipes;
			productReference = 63D7BA892C16343A007512FB /* recipes.app */;
			productType = "com.apple.product-type.application";
		};
		63D7BA9D2C16343B007512FB /* recipesTests */ = {
			isa = PBXNativeTarget;
			buildConfigurationList = 63D7BAB52C16343B007512FB /* Build configuration list for PBXNativeTarget "recipesTests" */;
			buildPhases = (
				63D7BA9A2C16343B007512FB /* Sources */,
				63D7BA9B2C16343B007512FB /* Frameworks */,
				63D7BA9C2C16343B007512FB /* Resources */,
			);
			buildRules = (
			);
			dependencies = (
				63D7BAA02C16343B007512FB /* PBXTargetDependency */,
			);
			name = recipesTests;
			productName = recipesTests;
			productReference = 63D7BA9E2C16343B007512FB /* recipesTests.xctest */;
			productType = "com.apple.product-type.bundle.unit-test";
		};
		63D7BAA72C16343B007512FB /* recipesUITests */ = {
			isa = PBXNativeTarget;
			buildConfigurationList = 63D7BAB82C16343B007512FB /* Build configuration list for PBXNativeTarget "recipesUITests" */;
			buildPhases = (
				63D7BAA42C16343B007512FB /* Sources */,
				63D7BAA52C16343B007512FB /* Frameworks */,
				63D7BAA62C16343B007512FB /* Resources */,
			);
			buildRules = (
			);
			dependencies = (
				63D7BAAA2C16343B007512FB /* PBXTargetDependency */,
			);
			name = recipesUITests;
			productName = recipesUITests;
			productReference = 63D7BAA82C16343B007512FB /* recipesUITests.xctest */;
			productType = "com.apple.product-type.bundle.ui-testing";
		};
/* End PBXNativeTarget section */

/* Begin PBXProject section */
		63D7BA812C16343A007512FB /* Project object */ = {
			isa = PBXProject;
			attributes = {
				BuildIndependentTargetsInParallel = 1;
				LastSwiftUpdateCheck = 1540;
				LastUpgradeCheck = 1540;
				TargetAttributes = {
					63D7BA882C16343A007512FB = {
						CreatedOnToolsVersion = 15.4;
					};
					63D7BA9D2C16343B007512FB = {
						CreatedOnToolsVersion = 15.4;
						TestTargetID = 63D7BA882C16343A007512FB;
					};
					63D7BAA72C16343B007512FB = {
						CreatedOnToolsVersion = 15.4;
						TestTargetID = 63D7BA882C16343A007512FB;
					};
				};
			};
			buildConfigurationList = 63D7BA842C16343A007512FB /* Build configuration list for PBXProject "recipes" */;
			compatibilityVersion = "Xcode 14.0";
			developmentRegion = en;
			hasScannedForEncodings = 0;
			knownRegions = (
				en,
				Base,
			);
			mainGroup = 63D7BA802C16343A007512FB;
			productRefGroup = 63D7BA8A2C16343A007512FB /* Products */;
			projectDirPath = "";
			projectRoot = "";
			targets = (
				63D7BA882C16343A007512FB /* recipes */,
				63D7BA9D2C16343B007512FB /* recipesTests */,
				63D7BAA72C16343B007512FB /* recipesUITests */,
			);
		};
/* End PBXProject section */

/* Begin PBXResourcesBuildPhase section */
		63D7BA872C16343A007512FB /* Resources */ = {
			isa = PBXResourcesBuildPhase;
			buildActionMask = 2147483647;
			files = (
				63D7BA942C16343B007512FB /* Preview Assets.xcassets in Resources */,
				63D7BA912C16343B007512FB /* Assets.xcassets in Resources */,
			);
			runOnlyForDeploymentPostprocessing = 0;
		};
		63D7BA9C2C16343B007512FB /* Resources */ = {
			isa = PBXResourcesBuildPhase;
			buildActionMask = 2147483647;
			files = (
			);
			runOnlyForDeploymentPostprocessing = 0;
		};
		63D7BAA62C16343B007512FB /* Resources */ = {
			isa = PBXResourcesBuildPhase;
			buildActionMask = 2147483647;
			files = (
			);
			runOnlyForDeploymentPostprocessing = 0;
		};
/* End PBXResourcesBuildPhase section */

/* Begin PBXSourcesBuildPhase section */
		63D7BA852C16343A007512FB /* Sources */ = {
			isa = PBXSourcesBuildPhase;
			buildActionMask = 2147483647;
			files = (
				63D7BA962C16343B007512FB /* Persistence.swift in Sources */,
				63D7BA8F2C16343A007512FB /* ContentView.swift in Sources */,
				63D7BA8D2C16343A007512FB /* recipesApp.swift in Sources */,
				63D7BA992C16343B007512FB /* recipes.xcdatamodeld in Sources */,
			);
			runOnlyForDeploymentPostprocessing = 0;
		};
		63D7BA9A2C16343B007512FB /* Sources */ = {
			isa = PBXSourcesBuildPhase;
			buildActionMask = 2147483647;
			files = (
				63D7BAA32C16343B007512FB /* recipesTests.swift in Sources */,
			);
			runOnlyForDeploymentPostprocessing = 0;
		};
		63D7BAA42C16343B007512FB /* Sources */ = {
			isa = PBXSourcesBuildPhase;
			buildActionMask = 2147483647;
			files = (
				63D7BAAF2C16343B007512FB /* recipesUITestsLaunchTests.swift in Sources */,
				63D7BAAD2C16343B007512FB /* recipesUITests.swift in Sources */,
			);
			runOnlyForDeploymentPostprocessing = 0;
		};
/* End PBXSourcesBuildPhase section */

/* Begin PBXTargetDependency section */
		63D7BAA02C16343B007512FB /* PBXTargetDependency */ = {
			isa = PBXTargetDependency;
			target = 63D7BA882C16343A007512FB /* recipes */;
			targetProxy = 63D7BA9F2C16343B007512FB /* PBXContainerItemProxy */;
		};
		63D7BAAA2C16343B007512FB /* PBXTargetDependency */ = {
			isa = PBXTargetDependency;
			target = 63D7BA882C16343A007512FB /* recipes */;
			targetProxy = 63D7BAA92C16343B007512FB /* PBXContainerItemProxy */;
		};
/* End PBXTargetDependency section */

/* Begin XCBuildConfiguration section */
		63D7BAB02C16343B007512FB /* Debug */ = {
			isa = XCBuildConfiguration;
			buildSettings = {
				ALWAYS_SEARCH_USER_PATHS = NO;
				ASSETCATALOG_COMPILER_GENERATE_SWIFT_ASSET_SYMBOL_EXTENSIONS = YES;
				CLANG_ANALYZER_NONNULL = YES;
				CLANG_ANALYZER_NUMBER_OBJECT_CONVERSION = YES_AGGRESSIVE;
				CLANG_CXX_LANGUAGE_STANDARD = "gnu++20";
				CLANG_ENABLE_MODULES = YES;
				CLANG_ENABLE_OBJC_ARC = YES;
				CLANG_ENABLE_OBJC_WEAK = YES;
				CLANG_WARN_BLOCK_CAPTURE_AUTORELEASING = YES;
				CLANG_WARN_BOOL_CONVERSION = YES;
				CLANG_WARN_COMMA = YES;
				CLANG_WARN_CONSTANT_CONVERSION = YES;
				CLANG_WARN_DEPRECATED_OBJC_IMPLEMENTATIONS = YES;
				CLANG_WARN_DIRECT_OBJC_ISA_USAGE = YES_ERROR;
				CLANG_WARN_DOCUMENTATION_COMMENTS = YES;
				CLANG_WARN_EMPTY_BODY = YES;
				CLANG_WARN_ENUM_CONVERSION = YES;
				CLANG_WARN_INFINITE_RECURSION = YES;
				CLANG_WARN_INT_CONVERSION = YES;
				CLANG_WARN_NON_LITERAL_NULL_CONVERSION = YES;
				CLANG_WARN_OBJC_IMPLICIT_RETAIN_SELF = YES;
				CLANG_WARN_OBJC_LITERAL_CONVERSION = YES;
				CLANG_WARN_OBJC_ROOT_CLASS = YES_ERROR;
				CLANG_WARN_QUOTED_INCLUDE_IN_FRAMEWORK_HEADER = YES;
				CLANG_WARN_RANGE_LOOP_ANALYSIS = YES;
				CLANG_WARN_STRICT_PROTOTYPES = YES;
				CLANG_WARN_SUSPICIOUS_MOVE = YES;
				CLANG_WARN_UNGUARDED_AVAILABILITY = YES_AGGRESSIVE;
				CLANG_WARN_UNREACHABLE_CODE = YES;
				CLANG_WARN__DUPLICATE_METHOD_MATCH = YES;
				COPY_PHASE_STRIP = NO;
				DEBUG_INFORMATION_FORMAT = dwarf;
				ENABLE_STRICT_OBJC_MSGSEND = YES;
				ENABLE_TESTABILITY = YES;
				ENABLE_USER_SCRIPT_SANDBOXING = YES;
				GCC_C_LANGUAGE_STANDARD = gnu17;
				GCC_DYNAMIC_NO_PIC = NO;
				GCC_NO_COMMON_BLOCKS = YES;
				GCC_OPTIMIZATION_LEVEL = 0;
				GCC_PREPROCESSOR_DEFINITIONS = (
					"DEBUG=1",
					"$(inherited)",
				);
				GCC_WARN_64_TO_32_BIT_CONVERSION = YES;
				GCC_WARN_ABOUT_RETURN_TYPE = YES_ERROR;
				GCC_WARN_UNDECLARED_SELECTOR = YES;
				GCC_WARN_UNINITIALIZED_AUTOS = YES_AGGRESSIVE;
				GCC_WARN_UNUSED_FUNCTION = YES;
				GCC_WARN_UNUSED_VARIABLE = YES;
				IPHONEOS_DEPLOYMENT_TARGET = 17.5;
				LOCALIZATION_PREFERS_STRING_CATALOGS = YES;
				MTL_ENABLE_DEBUG_INFO = INCLUDE_SOURCE;
				MTL_FAST_MATH = YES;
				ONLY_ACTIVE_ARCH = YES;
				SDKROOT = iphoneos;
				SWIFT_ACTIVE_COMPILATION_CONDITIONS = "DEBUG $(inherited)";
				SWIFT_OPTIMIZATION_LEVEL = "-Onone";
			};
			name = Debug;
		};
		63D7BAB12C16343B007512FB /* Release */ = {
			isa = XCBuildConfiguration;
			buildSettings = {
				ALWAYS_SEARCH_USER_PATHS = NO;
				ASSETCATALOG_COMPILER_GENERATE_SWIFT_ASSET_SYMBOL_EXTENSIONS = YES;
				CLANG_ANALYZER_NONNULL = YES;
				CLANG_ANALYZER_NUMBER_OBJECT_CONVERSION = YES_AGGRESSIVE;
				CLANG_CXX_LANGUAGE_STANDARD = "gnu++20";
				CLANG_ENABLE_MODULES = YES;
				CLANG_ENABLE_OBJC_ARC = YES;
				CLANG_ENABLE_OBJC_WEAK = YES;
				CLANG_WARN_BLOCK_CAPTURE_AUTORELEASING = YES;
				CLANG_WARN_BOOL_CONVERSION = YES;
				CLANG_WARN_COMMA = YES;
				CLANG_WARN_CONSTANT_CONVERSION = YES;
				CLANG_WARN_DEPRECATED_OBJC_IMPLEMENTATIONS = YES;
				CLANG_WARN_DIRECT_OBJC_ISA_USAGE = YES_ERROR;
				CLANG_WARN_DOCUMENTATION_COMMENTS = YES;
				CLANG_WARN_EMPTY_BODY = YES;
				CLANG_WARN_ENUM_CONVERSION = YES;
				CLANG_WARN_INFINITE_RECURSION = YES;
				CLANG_WARN_INT_CONVERSION = YES;
				CLANG_WARN_NON_LITERAL_NULL_CONVERSION = YES;
				CLANG_WARN_OBJC_IMPLICIT_RETAIN_SELF = YES;
				CLANG_WARN_OBJC_LITERAL_CONVERSION = YES;
				CLANG_WARN_OBJC_ROOT_CLASS = YES_ERROR;
				CLANG_WARN_QUOTED_INCLUDE_IN_FRAMEWORK_HEADER = YES;
				CLANG_WARN_RANGE_LOOP_ANALYSIS = YES;
				CLANG_WARN_STRICT_PROTOTYPES = YES;
				CLANG_WARN_SUSPICIOUS_MOVE = YES;
				CLANG_WARN_UNGUARDED_AVAILABILITY = YES_AGGRESSIVE;
				CLANG_WARN_UNREACHABLE_CODE = YES;
				CLANG_WARN__DUPLICATE_METHOD_MATCH = YES;
				COPY_PHASE_STRIP = NO;
				DEBUG_INFORMATION_FORMAT = "dwarf-with-dsym";
				ENABLE_NS_ASSERTIONS = NO;
				ENABLE_STRICT_OBJC_MSGSEND = YES;
				ENABLE_USER_SCRIPT_SANDBOXING = YES;
				GCC_C_LANGUAGE_STANDARD = gnu17;
				GCC_NO_COMMON_BLOCKS = YES;
				GCC_WARN_64_TO_32_BIT_CONVERSION = YES;
				GCC_WARN_ABOUT_RETURN_TYPE = YES_ERROR;
				GCC_WARN_UNDECLARED_SELECTOR = YES;
				GCC_WARN_UNINITIALIZED_AUTOS = YES_AGGRESSIVE;
				GCC_WARN_UNUSED_FUNCTION = YES;
				GCC_WARN_UNUSED_VARIABLE = YES;
				IPHONEOS_DEPLOYMENT_TARGET = 17.5;
				LOCALIZATION_PREFERS_STRING_CATALOGS = YES;
				MTL_ENABLE_DEBUG_INFO = NO;
				MTL_FAST_MATH = YES;
				SDKROOT = iphoneos;
				SWIFT_COMPILATION_MODE = wholemodule;
				VALIDATE_PRODUCT = YES;
			};
			name = Release;
		};
		63D7BAB32C16343B007512FB /* Debug */ = {
			isa = XCBuildConfiguration;
			buildSettings = {
				ASSETCATALOG_COMPILER_APPICON_NAME = AppIcon;
				ASSETCATALOG_COMPILER_GLOBAL_ACCENT_COLOR_NAME = AccentColor;
				CODE_SIGN_STYLE = Automatic;
				CURRENT_PROJECT_VERSION = 1;
				DEVELOPMENT_ASSET_PATHS = "\"recipes/Preview Content\"";
				DEVELOPMENT_TEAM = MR77GZV3WJ;
				ENABLE_PREVIEWS = YES;
				GENERATE_INFOPLIST_FILE = YES;
				INFOPLIST_KEY_UIApplicationSceneManifest_Generation = YES;
				INFOPLIST_KEY_UIApplicationSupportsIndirectInputEvents = YES;
				INFOPLIST_KEY_UILaunchScreen_Generation = YES;
				INFOPLIST_KEY_UISupportedInterfaceOrientations_iPad = "UIInterfaceOrientationPortrait UIInterfaceOrientationPortraitUpsideDown UIInterfaceOrientationLandscapeLeft UIInterfaceOrientationLandscapeRight";
				INFOPLIST_KEY_UISupportedInterfaceOrientations_iPhone = "UIInterfaceOrientationPortrait UIInterfaceOrientationLandscapeLeft UIInterfaceOrientationLandscapeRight";
				LD_RUNPATH_SEARCH_PATHS = (
					"$(inherited)",
					"@executable_path/Frameworks",
				);
				MARKETING_VERSION = 1.0;
				PRODUCT_BUNDLE_IDENTIFIER = com.griffincss.recipes;
				PRODUCT_NAME = "$(TARGET_NAME)";
				SWIFT_EMIT_LOC_STRINGS = YES;
				SWIFT_VERSION = 5.0;
				TARGETED_DEVICE_FAMILY = "1,2";
			};
			name = Debug;
		};
		63D7BAB42C16343B007512FB /* Release */ = {
			isa = XCBuildConfiguration;
			buildSettings = {
				ASSETCATALOG_COMPILER_APPICON_NAME = AppIcon;
				ASSETCATALOG_COMPILER_GLOBAL_ACCENT_COLOR_NAME = AccentColor;
				CODE_SIGN_STYLE = Automatic;
				CURRENT_PROJECT_VERSION = 1;
				DEVELOPMENT_ASSET_PATHS = "\"recipes/Preview Content\"";
				DEVELOPMENT_TEAM = MR77GZV3WJ;
				ENABLE_PREVIEWS = YES;
				GENERATE_INFOPLIST_FILE = YES;
				INFOPLIST_KEY_UIApplicationSceneManifest_Generation = YES;
				INFOPLIST_KEY_UIApplicationSupportsIndirectInputEvents = YES;
				INFOPLIST_KEY_UILaunchScreen_Generation = YES;
				INFOPLIST_KEY_UISupportedInterfaceOrientations_iPad = "UIInterfaceOrientationPortrait UIInterfaceOrientationPortraitUpsideDown UIInterfaceOrientationLandscapeLeft UIInterfaceOrientationLandscapeRight";
				INFOPLIST_KEY_UISupportedInterfaceOrientations_iPhone = "UIInterfaceOrientationPortrait UIInterfaceOrientationLandscapeLeft UIInterfaceOrientationLandscapeRight";
				LD_RUNPATH_SEARCH_PATHS = (
					"$(inherited)",
					"@executable_path/Frameworks",
				);
				MARKETING_VERSION = 1.0;
				PRODUCT_BUNDLE_IDENTIFIER = com.griffincss.recipes;
				PRODUCT_NAME = "$(TARGET_NAME)";
				SWIFT_EMIT_LOC_STRINGS = YES;
				SWIFT_VERSION = 5.0;
				TARGETED_DEVICE_FAMILY = "1,2";
			};
			name = Release;
		};
		63D7BAB62C16343B007512FB /* Debug */ = {
			isa = XCBuildConfiguration;
			buildSettings = {
				ALWAYS_EMBED_SWIFT_STANDARD_LIBRARIES = YES;
				BUNDLE_LOADER = "$(TEST_HOST)";
				CODE_SIGN_STYLE = Automatic;
				CURRENT_PROJECT_VERSION = 1;
				DEVELOPMENT_TEAM = MR77GZV3WJ;
				GENERATE_INFOPLIST_FILE = YES;
				IPHONEOS_DEPLOYMENT_TARGET = 17.5;
				MARKETING_VERSION = 1.0;
				PRODUCT_BUNDLE_IDENTIFIER = com.griffincss.recipesTests;
				PRODUCT_NAME = "$(TARGET_NAME)";
				SWIFT_EMIT_LOC_STRINGS = NO;
				SWIFT_VERSION = 5.0;
				TARGETED_DEVICE_FAMILY = "1,2";
				TEST_HOST = "$(BUILT_PRODUCTS_DIR)/recipes.app/$(BUNDLE_EXECUTABLE_FOLDER_PATH)/recipes";
			};
			name = Debug;
		};
		63D7BAB72C16343B007512FB /* Release */ = {
			isa = XCBuildConfiguration;
			buildSettings = {
				ALWAYS_EMBED_SWIFT_STANDARD_LIBRARIES = YES;
				BUNDLE_LOADER = "$(TEST_HOST)";
				CODE_SIGN_STYLE = Automatic;
				CURRENT_PROJECT_VERSION = 1;
				DEVELOPMENT_TEAM = MR77GZV3WJ;
				GENERATE_INFOPLIST_FILE = YES;
				IPHONEOS_DEPLOYMENT_TARGET = 17.5;
				MARKETING_VERSION = 1.0;
				PRODUCT_BUNDLE_IDENTIFIER = com.griffincss.recipesTests;
				PRODUCT_NAME = "$(TARGET_NAME)";
				SWIFT_EMIT_LOC_STRINGS = NO;
				SWIFT_VERSION = 5.0;
				TARGETED_DEVICE_FAMILY = "1,2";
				TEST_HOST = "$(BUILT_PRODUCTS_DIR)/recipes.app/$(BUNDLE_EXECUTABLE_FOLDER_PATH)/recipes";
			};
			name = Release;
		};
		63D7BAB92C16343B007512FB /* Debug */ = {
			isa = XCBuildConfiguration;
			buildSettings = {
				ALWAYS_EMBED_SWIFT_STANDARD_LIBRARIES = YES;
				CODE_SIGN_STYLE = Automatic;
				CURRENT_PROJECT_VERSION = 1;
				DEVELOPMENT_TEAM = MR77GZV3WJ;
				GENERATE_INFOPLIST_FILE = YES;
				MARKETING_VERSION = 1.0;
				PRODUCT_BUNDLE_IDENTIFIER = com.griffincss.recipesUITests;
				PRODUCT_NAME = "$(TARGET_NAME)";
				SWIFT_EMIT_LOC_STRINGS = NO;
				SWIFT_VERSION = 5.0;
				TARGETED_DEVICE_FAMILY = "1,2";
				TEST_TARGET_NAME = recipes;
			};
			name = Debug;
		};
		63D7BABA2C16343B007512FB /* Release */ = {
			isa = XCBuildConfiguration;
			buildSettings = {
				ALWAYS_EMBED_SWIFT_STANDARD_LIBRARIES = YES;
				CODE_SIGN_STYLE = Automatic;
				CURRENT_PROJECT_VERSION = 1;
				DEVELOPMENT_TEAM = MR77GZV3WJ;
				GENERATE_INFOPLIST_FILE = YES;
				MARKETING_VERSION = 1.0;
				PRODUCT_BUNDLE_IDENTIFIER = com.griffincss.recipesUITests;
				PRODUCT_NAME = "$(TARGET_NAME)";
				SWIFT_EMIT_LOC_STRINGS = NO;
				SWIFT_VERSION = 5.0;
				TARGETED_DEVICE_FAMILY = "1,2";
				TEST_TARGET_NAME = recipes;
			};
			name = Release;
		};
/* End XCBuildConfiguration section */

/* Begin XCConfigurationList section */
		63D7BA842C16343A007512FB /* Build configuration list for PBXProject "recipes" */ = {
			isa = XCConfigurationList;
			buildConfigurations = (
				63D7BAB02C16343B007512FB /* Debug */,
				63D7BAB12C16343B007512FB /* Release */,
			);
			defaultConfigurationIsVisible = 0;
			defaultConfigurationName = Release;
		};
		63D7BAB22C16343B007512FB /* Build configuration list for PBXNativeTarget "recipes" */ = {
			isa = XCConfigurationList;
			buildConfigurations = (
				63D7BAB32C16343B007512FB /* Debug */,
				63D7BAB42C16343B007512FB /* Release */,
			);
			defaultConfigurationIsVisible = 0;
			defaultConfigurationName = Release;
		};
		63D7BAB52C16343B007512FB /* Build configuration list for PBXNativeTarget "recipesTests" */ = {
			isa = XCConfigurationList;
			buildConfigurations = (
				63D7BAB62C16343B007512FB /* Debug */,
				63D7BAB72C16343B007512FB /* Release */,
			);
			defaultConfigurationIsVisible = 0;
			defaultConfigurationName = Release;
		};
		63D7BAB82C16343B007512FB /* Build configuration list for PBXNativeTarget "recipesUITests" */ = {
			isa = XCConfigurationList;
			buildConfigurations = (
				63D7BAB92C16343B007512FB /* Debug */,
				63D7BABA2C16343B007512FB /* Release */,
			);
			defaultConfigurationIsVisible = 0;
			defaultConfigurationName = Release;
		};
/* End XCConfigurationList section */

/* Begin XCVersionGroup section */
		63D7BA972C16343B007512FB /* recipes.xcdatamodeld */ = {
			isa = XCVersionGroup;
			children = (
				63D7BA982C16343B007512FB /* recipes.xcdatamodel */,
			);
			currentVersion = 63D7BA982C16343B007512FB /* recipes.xcdatamodel */;
			path = recipes.xcdatamodeld;
			sourceTree = "<group>";
			versionGroupType = wrapper.xcdatamodel;
		};
/* End XCVersionGroup section */
	};
	rootObject = 63D7BA812C16343A007512FB /* Project object */;
}
